# This file is automatically @generated by Wally.
# It is not intended for manual editing.
registry = "test"

[[package]]
name = "corecii/api-dump-static"
version = "1.0.5270372"
dependencies = []

[[package]]
name = "corecii/roact-template"
version = "0.2.0"
dependencies = [["ApiDumpStatic", "corecii/api-dump-static@1.0.5270372"]]
